
Microsoft Visual Studio Solution File, Format Version 12.00
# Visual Studio 15
VisualStudioVersion = 15.0.26730.12
MinimumVisualStudioVersion = 10.0.40219.1
Project("{FAE04EC0-301F-11D3-BF4B-00C04F79EFBC}") = "ConciseDesign.WPF", "ConciseDesign\ConciseDesign.WPF.csproj", "{F2DD0D20-D929-4F9C-A701-CF4344450787}"
EndProject
Global
	GlobalSection(SolutionConfigurationPlatforms) = preSolution
		Debug|Any CPU = Debug|Any CPU
		Release|Any CPU = Release|Any CPU
	EndGlobalSection
	GlobalSection(ProjectConfigurationPlatforms) = postSolution
		{F2DD0D20-D929-4F9C-A701-CF4344450787}.Debug|Any CPU.ActiveCfg = Debug|Any CPU
		{F2DD0D20-D929-4F9C-A701-CF4344450787}.Debug|Any CPU.Build.0 = Debug|Any CPU
		{F2DD0D20-D929-4F9C-A701-CF4344450787}.Release|Any CPU.ActiveCfg = Release|Any CPU
		{F2DD0D20-D929-4F9C-A701-CF4344450787}.Release|Any CPU.Build.0 = Release|Any CPU
	EndGlobalSection
	GlobalSection(SolutionProperties) = preSolution
		HideSolutionNode = FALSE
	EndGlobalSection
	GlobalSection(ExtensibilityGlobals) = postSolution
		SolutionGuid = {201D92D3-F8B5-4DD0-A6DD-388DED668BAA}
	EndGlobalSection
EndGlobal
